
Microsoft Visual Studio Solution File, Format Version 12.00
# Visual Studio Version 16
VisualStudioVersion = 16.0.31424.327
MinimumVisualStudioVersion = 10.0.40219.1
Project("{FAE04EC0-301F-11D3-BF4B-00C04F79EFBC}") = "DesafioProdutosApi", "DesafioProdutosApi\DesafioProdutosApi.csproj", "{6C487704-1ED3-4388-B691-C7A5FC0E2DDC}"
EndProject
Project("{FAE04EC0-301F-11D3-BF4B-00C04F79EFBC}") = "Dominio", "Dominio\Dominio.csproj", "{0C7AE5BC-A20B-4AD2-A30B-993A26839804}"
EndProject
Project("{FAE04EC0-301F-11D3-BF4B-00C04F79EFBC}") = "Repositorio", "Repositorio\Repositorio.csproj", "{5442DDC5-7991-47DB-9BB8-732665029B87}"
EndProject
Global
	GlobalSection(SolutionConfigurationPlatforms) = preSolution
		Debug|Any CPU = Debug|Any CPU
		Release|Any CPU = Release|Any CPU
	EndGlobalSection
	GlobalSection(ProjectConfigurationPlatforms) = postSolution
		{6C487704-1ED3-4388-B691-C7A5FC0E2DDC}.Debug|Any CPU.ActiveCfg = Debug|Any CPU
		{6C487704-1ED3-4388-B691-C7A5FC0E2DDC}.Debug|Any CPU.Build.0 = Debug|Any CPU
		{6C487704-1ED3-4388-B691-C7A5FC0E2DDC}.Release|Any CPU.ActiveCfg = Release|Any CPU
		{6C487704-1ED3-4388-B691-C7A5FC0E2DDC}.Release|Any CPU.Build.0 = Release|Any CPU
		{0C7AE5BC-A20B-4AD2-A30B-993A26839804}.Debug|Any CPU.ActiveCfg = Debug|Any CPU
		{0C7AE5BC-A20B-4AD2-A30B-993A26839804}.Debug|Any CPU.Build.0 = Debug|Any CPU
		{0C7AE5BC-A20B-4AD2-A30B-993A26839804}.Release|Any CPU.ActiveCfg = Release|Any CPU
		{0C7AE5BC-A20B-4AD2-A30B-993A26839804}.Release|Any CPU.Build.0 = Release|Any CPU
		{5442DDC5-7991-47DB-9BB8-732665029B87}.Debug|Any CPU.ActiveCfg = Debug|Any CPU
		{5442DDC5-7991-47DB-9BB8-732665029B87}.Debug|Any CPU.Build.0 = Debug|Any CPU
		{5442DDC5-7991-47DB-9BB8-732665029B87}.Release|Any CPU.ActiveCfg = Release|Any CPU
		{5442DDC5-7991-47DB-9BB8-732665029B87}.Release|Any CPU.Build.0 = Release|Any CPU
	EndGlobalSection
	GlobalSection(SolutionProperties) = preSolution
		HideSolutionNode = FALSE
	EndGlobalSection
	GlobalSection(ExtensibilityGlobals) = postSolution
		SolutionGuid = {7417FBC8-3573-4F5F-AF30-BFB40288D41D}
	EndGlobalSection
EndGlobal
