
Microsoft Visual Studio Solution File, Format Version 12.00
# Visual Studio Version 16
VisualStudioVersion = 16.0.31005.135
MinimumVisualStudioVersion = 10.0.40219.1
Project("{9A19103F-16F7-4668-BE54-9A1E7A4F7556}") = "PesquisaPessoas", "PesquisaPessoas.csproj", "{8BB119D5-91B4-491D-8C26-5062A30A579C}"
EndProject
Global
	GlobalSection(SolutionConfigurationPlatforms) = preSolution
		Debug|Any CPU = Debug|Any CPU
		Release|Any CPU = Release|Any CPU
	EndGlobalSection
	GlobalSection(ProjectConfigurationPlatforms) = postSolution
		{8BB119D5-91B4-491D-8C26-5062A30A579C}.Debug|Any CPU.ActiveCfg = Debug|Any CPU
		{8BB119D5-91B4-491D-8C26-5062A30A579C}.Debug|Any CPU.Build.0 = Debug|Any CPU
		{8BB119D5-91B4-491D-8C26-5062A30A579C}.Release|Any CPU.ActiveCfg = Release|Any CPU
		{8BB119D5-91B4-491D-8C26-5062A30A579C}.Release|Any CPU.Build.0 = Release|Any CPU
	EndGlobalSection
	GlobalSection(SolutionProperties) = preSolution
		HideSolutionNode = FALSE
	EndGlobalSection
	GlobalSection(ExtensibilityGlobals) = postSolution
		SolutionGuid = {F15E1E4C-8A8D-4BA8-ADFB-02041F2D3893}
	EndGlobalSection
EndGlobal
