
Microsoft Visual Studio Solution File, Format Version 12.00
# Visual Studio Version 16
VisualStudioVersion = 16.0.31112.23
MinimumVisualStudioVersion = 10.0.40219.1
Project("{FAE04EC0-301F-11D3-BF4B-00C04F79EFBC}") = "apiDoZeroAoUm", "apiDoZeroAoUm.csproj", "{A474350A-245A-417A-8CED-5C7CF73043EC}"
EndProject
Global
	GlobalSection(SolutionConfigurationPlatforms) = preSolution
		Debug|Any CPU = Debug|Any CPU
		Release|Any CPU = Release|Any CPU
	EndGlobalSection
	GlobalSection(ProjectConfigurationPlatforms) = postSolution
		{A474350A-245A-417A-8CED-5C7CF73043EC}.Debug|Any CPU.ActiveCfg = Debug|Any CPU
		{A474350A-245A-417A-8CED-5C7CF73043EC}.Debug|Any CPU.Build.0 = Debug|Any CPU
		{A474350A-245A-417A-8CED-5C7CF73043EC}.Release|Any CPU.ActiveCfg = Release|Any CPU
		{A474350A-245A-417A-8CED-5C7CF73043EC}.Release|Any CPU.Build.0 = Release|Any CPU
	EndGlobalSection
	GlobalSection(SolutionProperties) = preSolution
		HideSolutionNode = FALSE
	EndGlobalSection
	GlobalSection(ExtensibilityGlobals) = postSolution
		SolutionGuid = {1332A9E9-4806-4818-8AAE-F8BA3E357089}
	EndGlobalSection
EndGlobal
